
Microsoft Visual Studio Solution File, Format Version 12.00
# Visual Studio 15
VisualStudioVersion = 15.0.28010.2041
MinimumVisualStudioVersion = 10.0.40219.1
Project("{FAE04EC0-301F-11D3-BF4B-00C04F79EFBC}") = "BicycleRentalApplication", "BicycleRentalApplication\BicycleRentalApplication.csproj", "{A48BDC9B-3677-4BB2-9373-265505DE2CA3}"
EndProject
Project("{FAE04EC0-301F-11D3-BF4B-00C04F79EFBC}") = "BicycleRentalApplication.Tests", "BicycleRentalApplication.Tests\BicycleRentalApplication.Tests.csproj", "{E4B28418-430A-475A-8071-FBA5DD719A4B}"
EndProject
Project("{FAE04EC0-301F-11D3-BF4B-00C04F79EFBC}") = "BicycleRentalApplication.Rent.Core", "BicycleRentalApplication.Rent.Core\BicycleRentalApplication.Rent.Core.csproj", "{2EFA784F-C70B-4C0B-B033-5DBC7EDB54B8}"
EndProject
Project("{FAE04EC0-301F-11D3-BF4B-00C04F79EFBC}") = "BicycleRentalApplication.Rent.Dal", "BicycleRentalApplication.Rent.Dal\BicycleRentalApplication.Rent.Dal.csproj", "{5E7B7F30-A196-48E2-A050-36809E840FCC}"
EndProject
Project("{FAE04EC0-301F-11D3-BF4B-00C04F79EFBC}") = "BicycleRentalApplication.Rent.Models", "BicycleRentalApplication.Rent.Models\BicycleRentalApplication.Rent.Models.csproj", "{9F5AEB86-3DD3-40C5-B6EF-0D940AE193EF}"
EndProject
Global
	GlobalSection(SolutionConfigurationPlatforms) = preSolution
		Debug|Any CPU = Debug|Any CPU
		Release|Any CPU = Release|Any CPU
	EndGlobalSection
	GlobalSection(ProjectConfigurationPlatforms) = postSolution
		{A48BDC9B-3677-4BB2-9373-265505DE2CA3}.Debug|Any CPU.ActiveCfg = Debug|Any CPU
		{A48BDC9B-3677-4BB2-9373-265505DE2CA3}.Debug|Any CPU.Build.0 = Debug|Any CPU
		{A48BDC9B-3677-4BB2-9373-265505DE2CA3}.Release|Any CPU.ActiveCfg = Release|Any CPU
		{A48BDC9B-3677-4BB2-9373-265505DE2CA3}.Release|Any CPU.Build.0 = Release|Any CPU
		{E4B28418-430A-475A-8071-FBA5DD719A4B}.Debug|Any CPU.ActiveCfg = Debug|Any CPU
		{E4B28418-430A-475A-8071-FBA5DD719A4B}.Debug|Any CPU.Build.0 = Debug|Any CPU
		{E4B28418-430A-475A-8071-FBA5DD719A4B}.Release|Any CPU.ActiveCfg = Release|Any CPU
		{E4B28418-430A-475A-8071-FBA5DD719A4B}.Release|Any CPU.Build.0 = Release|Any CPU
		{2EFA784F-C70B-4C0B-B033-5DBC7EDB54B8}.Debug|Any CPU.ActiveCfg = Debug|Any CPU
		{2EFA784F-C70B-4C0B-B033-5DBC7EDB54B8}.Debug|Any CPU.Build.0 = Debug|Any CPU
		{2EFA784F-C70B-4C0B-B033-5DBC7EDB54B8}.Release|Any CPU.ActiveCfg = Release|Any CPU
		{2EFA784F-C70B-4C0B-B033-5DBC7EDB54B8}.Release|Any CPU.Build.0 = Release|Any CPU
		{5E7B7F30-A196-48E2-A050-36809E840FCC}.Debug|Any CPU.ActiveCfg = Debug|Any CPU
		{5E7B7F30-A196-48E2-A050-36809E840FCC}.Debug|Any CPU.Build.0 = Debug|Any CPU
		{5E7B7F30-A196-48E2-A050-36809E840FCC}.Release|Any CPU.ActiveCfg = Release|Any CPU
		{5E7B7F30-A196-48E2-A050-36809E840FCC}.Release|Any CPU.Build.0 = Release|Any CPU
		{9F5AEB86-3DD3-40C5-B6EF-0D940AE193EF}.Debug|Any CPU.ActiveCfg = Debug|Any CPU
		{9F5AEB86-3DD3-40C5-B6EF-0D940AE193EF}.Debug|Any CPU.Build.0 = Debug|Any CPU
		{9F5AEB86-3DD3-40C5-B6EF-0D940AE193EF}.Release|Any CPU.ActiveCfg = Release|Any CPU
		{9F5AEB86-3DD3-40C5-B6EF-0D940AE193EF}.Release|Any CPU.Build.0 = Release|Any CPU
	EndGlobalSection
	GlobalSection(SolutionProperties) = preSolution
		HideSolutionNode = FALSE
	EndGlobalSection
	GlobalSection(ExtensibilityGlobals) = postSolution
		SolutionGuid = {4CABD256-77A4-4C27-8D63-33916A2EC96A}
	EndGlobalSection
EndGlobal
